<?xml version="1.0" encoding="utf-8"?>
<Project ToolsVersion="4.0" xmlns="http://schemas.microsoft.com/developer/msbuild/2003">
  <ItemGroup>
    <Filter Include="Source Files">
      <UniqueIdentifier>{4FC737F1-C7A5-4376-A066-2A32D752A2FF}</UniqueIdentifier>
      <Extensions>cpp;c;cc;cxx;def;odl;idl;hpj;bat;asm;asmx</Extensions>
    </Filter>
    <Filter Include="Header Files">
      <UniqueIdentifier>{93995380-89BD-4b04-88EB-625FBE52EBFB}</UniqueIdentifier>
      <Extensions>h;hpp;hxx;hm;inl;inc;xsd</Extensions>
    </Filter>
    <Filter Include="Resource Files">
      <UniqueIdentifier>{67DA6AB6-F800-4c08-8B7A-83BB121AAD01}</UniqueIdentifier>
      <Extensions>rc;ico;cur;bmp;dlg;rc2;rct;bin;rgs;gif;jpg;jpeg;jpe;resx;tiff;tif;png;wav;mfcribbon-ms</Extensions>
    </Filter>
  </ItemGroup>
  <ItemGroup>
    <ClCompile Include="MainCode.cpp">
      <Filter>Source Files</Filter>
    </ClCompile>
    <ClCompile Include="RGBpixmap.cpp">
      <Filter>Source Files</Filter>
    </ClCompile>
    <ClCompile Include="Chao.cpp">
      <Filter>Source Files</Filter>
    </ClCompile>
    <ClCompile Include="Arvores.cpp">
      <Filter>Source Files</Filter>
    </ClCompile>
    <ClCompile Include="Helicoptero.cpp">
      <Filter>Source Files</Filter>
    </ClCompile>
    <ClCompile Include="Hospital.cpp">
      <Filter>Source Files</Filter>
    </ClCompile>
    <ClCompile Include="Heliporto.cpp">
      <Filter>Source Files</Filter>
    </ClCompile>
    <ClCompile Include="HangarTorre.cpp">
      <Filter>Source Files</Filter>
    </ClCompile>
  </ItemGroup>
  <ItemGroup>
    <None Include="floor.bmp">
      <Filter>Resource Files</Filter>
    </None>
    <None Include="grass.bmp">
      <Filter>Resource Files</Filter>
    </None>
    <None Include="gravel.bmp">
      <Filter>Resource Files</Filter>
    </None>
    <None Include="leaf.bmp">
      <Filter>Resource Files</Filter>
    </None>
    <None Include="leaf2.bmp">
      <Filter>Resource Files</Filter>
    </None>
    <None Include="tree_base.bmp">
      <Filter>Resource Files</Filter>
    </None>
    <None Include="tile.bmp">
      <Filter>Resource Files</Filter>
    </None>
    <None Include="heliport.bmp">
      <Filter>Resource Files</Filter>
    </None>
    <None Include="metal.bmp">
      <Filter>Resource Files</Filter>
    </None>
    <None Include="door.bmp">
      <Filter>Resource Files</Filter>
    </None>
    <None Include="windows.bmp">
      <Filter>Resource Files</Filter>
    </None>
    <None Include="chaoplat.bmp">
      <Filter>Resource Files</Filter>
    </None>
    <None Include="hangar.bmp">
      <Filter>Resource Files</Filter>
    </None>
    <None Include="torre.bmp">
      <Filter>Resource Files</Filter>
    </None>
  </ItemGroup>
  <ItemGroup>
    <ClInclude Include="RGBpixmap.h">
      <Filter>Header Files</Filter>
    </ClInclude>
    <ClInclude Include="MainCode.h">
      <Filter>Header Files</Filter>
    </ClInclude>
    <ClInclude Include="helicoptero.h">
      <Filter>Header Files</Filter>
    </ClInclude>
    <ClInclude Include="Arvores.h">
      <Filter>Header Files</Filter>
    </ClInclude>
    <ClInclude Include="Chao.h">
      <Filter>Header Files</Filter>
    </ClInclude>
    <ClInclude Include="Hospital.h">
      <Filter>Header Files</Filter>
    </ClInclude>
    <ClInclude Include="Heliporto.h">
      <Filter>Header Files</Filter>
    </ClInclude>
    <ClInclude Include="HangarTorre.h">
      <Filter>Header Files</Filter>
    </ClInclude>
  </ItemGroup>
</Project>